
Microsoft Visual Studio Solution File, Format Version 10.00
# Visual Studio 2008
Project("{FAE04EC0-301F-11D3-BF4B-00C04F79EFBC}") = "TableTopCommunicator", "TableTopCommunicator\TableTopCommunicator.csproj", "{741EE97C-B457-40D2-8949-342280A4BAB7}"
EndProject
Global
	GlobalSection(SolutionConfigurationPlatforms) = preSolution
		Debug|Any CPU = Debug|Any CPU
		Release|Any CPU = Release|Any CPU
	EndGlobalSection
	GlobalSection(ProjectConfigurationPlatforms) = postSolution
		{741EE97C-B457-40D2-8949-342280A4BAB7}.Debug|Any CPU.ActiveCfg = Debug|Any CPU
		{741EE97C-B457-40D2-8949-342280A4BAB7}.Debug|Any CPU.Build.0 = Debug|Any CPU
		{741EE97C-B457-40D2-8949-342280A4BAB7}.Release|Any CPU.ActiveCfg = Release|Any CPU
		{741EE97C-B457-40D2-8949-342280A4BAB7}.Release|Any CPU.Build.0 = Release|Any CPU
	EndGlobalSection
	GlobalSection(SolutionProperties) = preSolution
		HideSolutionNode = FALSE
	EndGlobalSection
	GlobalSection(ExtensibilityGlobals) = postSolution
		VisualSVNWorkingCopyRoot = .
	EndGlobalSection
EndGlobal
